
Microsoft Visual Studio Solution File, Format Version 12.00
# Visual Studio Version 17
VisualStudioVersion = 17.14.36623.8
MinimumVisualStudioVersion = 10.0.40219.1
Project("{2150E333-8FDC-42A3-9474-1A3956D46DE8}") = "src", "src", "{02EA681E-C7D8-13C7-8484-4AC65E1B71E8}"
EndProject
Project("{FAE04EC0-301F-11D3-BF4B-00C04F79EFBC}") = "Common.Exceptions", "src\Common\Exceptions\Common.Exceptions.csproj", "{90CB6746-949A-2858-4967-97ABB1BD2DA1}"
EndProject
Project("{FAE04EC0-301F-11D3-BF4B-00C04F79EFBC}") = "Common.Extensions", "src\Common\Extensions\Common.Extensions.csproj", "{4B8A97B9-7A73-4996-9291-595FB45A89AB}"
EndProject
Project("{FAE04EC0-301F-11D3-BF4B-00C04F79EFBC}") = "Common.Models", "src\Common\Models\Common.Models.csproj", "{22085ACC-CB7F-F2D4-F1F8-E36DC0F56114}"
EndProject
Project("{2150E333-8FDC-42A3-9474-1A3956D46DE8}") = "Common", "Common", "{539CB519-F938-4FA1-9932-3259DD094769}"
EndProject
Project("{FAE04EC0-301F-11D3-BF4B-00C04F79EFBC}") = "HealthChecks.Common", "src\HealthChecks\HealthChecks.Common.csproj", "{7F87A92E-9A10-6FD8-DF0C-E85DEF25A16E}"
EndProject
Project("{2150E333-8FDC-42A3-9474-1A3956D46DE8}") = "HealthChecks", "HealthChecks", "{7C7BD926-34BC-4021-B667-8B46AA028D17}"
EndProject
Project("{FAE04EC0-301F-11D3-BF4B-00C04F79EFBC}") = "Logging.Common", "src\Logging\Logging.Common.csproj", "{2702F9D2-A43C-B92A-307E-659EF6D01F4C}"
EndProject
Project("{2150E333-8FDC-42A3-9474-1A3956D46DE8}") = "Logging", "Logging", "{8FAF6F86-3086-4DCF-B624-76BBB863EF83}"
EndProject
Project("{FAE04EC0-301F-11D3-BF4B-00C04F79EFBC}") = "Messaging.Events", "src\Messaging\Events\Messaging.Events.csproj", "{3258FC2E-4B07-2B53-26BB-33BA8F7ADFC4}"
EndProject
Project("{2150E333-8FDC-42A3-9474-1A3956D46DE8}") = "Events", "Events", "{155DB9E0-C8AC-49E1-9ED3-C8BA2F8392DC}"
EndProject
Project("{FAE04EC0-301F-11D3-BF4B-00C04F79EFBC}") = "Security.Common", "src\Security\Security.Common.csproj", "{BBCD5DED-3640-ED27-BCE5-3E016B8A0C62}"
EndProject
Project("{2150E333-8FDC-42A3-9474-1A3956D46DE8}") = "Security", "Security", "{386D06BA-F9FB-48D7-A079-5DBE1C106D96}"
EndProject
Project("{2150E333-8FDC-42A3-9474-1A3956D46DE8}") = "tests", "tests", "{976AF26C-5575-4054-8C0C-8FB6E05F3E4F}"
EndProject
Project("{FAE04EC0-301F-11D3-BF4B-00C04F79EFBC}") = "Common.Exceptions.Tests", "tests\Common.Exceptions\Common.Exceptions.Tests.csproj", "{C8D6CD77-5F3B-4ADD-AC17-79DEAD34C5BA}"
EndProject
Project("{2150E333-8FDC-42A3-9474-1A3956D46DE8}") = "Itens de Solução", "Itens de Solução", "{380A7511-A354-6D7A-0CC0-8FA1F1BA7B6C}"
	ProjectSection(SolutionItems) = preProject
		README.md = README.md
	EndProjectSection
EndProject
Project("{2150E333-8FDC-42A3-9474-1A3956D46DE8}") = "DTO", "DTO", "{2F74B367-6299-41EB-A895-F8A8A6B2376A}"
EndProject
Project("{2150E333-8FDC-42A3-9474-1A3956D46DE8}") = "Stock", "Stock", "{0F58485F-2E1F-4986-AB19-B39E15A2A659}"
EndProject
Project("{FAE04EC0-301F-11D3-BF4B-00C04F79EFBC}") = "Stock", "src\DTO\Stock\Stock.csproj", "{F1066A55-ED52-CA36-E192-25EDD5926A0E}"
EndProject
Project("{2150E333-8FDC-42A3-9474-1A3956D46DE8}") = "Redis", "Redis", "{E72B8662-668A-40B2-B86E-00FCAB12E77E}"
EndProject
Project("{FAE04EC0-301F-11D3-BF4B-00C04F79EFBC}") = "Redis", "src\Redis\Redis.csproj", "{3082CE56-41EA-4B8B-B740-820614BA1E78}"
EndProject
Global
	GlobalSection(SolutionConfigurationPlatforms) = preSolution
		Debug|Any CPU = Debug|Any CPU
		Release|Any CPU = Release|Any CPU
	EndGlobalSection
	GlobalSection(ProjectConfigurationPlatforms) = postSolution
		{90CB6746-949A-2858-4967-97ABB1BD2DA1}.Debug|Any CPU.ActiveCfg = Debug|Any CPU
		{90CB6746-949A-2858-4967-97ABB1BD2DA1}.Debug|Any CPU.Build.0 = Debug|Any CPU
		{90CB6746-949A-2858-4967-97ABB1BD2DA1}.Release|Any CPU.ActiveCfg = Release|Any CPU
		{90CB6746-949A-2858-4967-97ABB1BD2DA1}.Release|Any CPU.Build.0 = Release|Any CPU
		{4B8A97B9-7A73-4996-9291-595FB45A89AB}.Debug|Any CPU.ActiveCfg = Debug|Any CPU
		{4B8A97B9-7A73-4996-9291-595FB45A89AB}.Debug|Any CPU.Build.0 = Debug|Any CPU
		{4B8A97B9-7A73-4996-9291-595FB45A89AB}.Release|Any CPU.ActiveCfg = Release|Any CPU
		{4B8A97B9-7A73-4996-9291-595FB45A89AB}.Release|Any CPU.Build.0 = Release|Any CPU
		{22085ACC-CB7F-F2D4-F1F8-E36DC0F56114}.Debug|Any CPU.ActiveCfg = Debug|Any CPU
		{22085ACC-CB7F-F2D4-F1F8-E36DC0F56114}.Debug|Any CPU.Build.0 = Debug|Any CPU
		{22085ACC-CB7F-F2D4-F1F8-E36DC0F56114}.Release|Any CPU.ActiveCfg = Release|Any CPU
		{22085ACC-CB7F-F2D4-F1F8-E36DC0F56114}.Release|Any CPU.Build.0 = Release|Any CPU
		{7F87A92E-9A10-6FD8-DF0C-E85DEF25A16E}.Debug|Any CPU.ActiveCfg = Debug|Any CPU
		{7F87A92E-9A10-6FD8-DF0C-E85DEF25A16E}.Debug|Any CPU.Build.0 = Debug|Any CPU
		{7F87A92E-9A10-6FD8-DF0C-E85DEF25A16E}.Release|Any CPU.ActiveCfg = Release|Any CPU
		{7F87A92E-9A10-6FD8-DF0C-E85DEF25A16E}.Release|Any CPU.Build.0 = Release|Any CPU
		{2702F9D2-A43C-B92A-307E-659EF6D01F4C}.Debug|Any CPU.ActiveCfg = Debug|Any CPU
		{2702F9D2-A43C-B92A-307E-659EF6D01F4C}.Debug|Any CPU.Build.0 = Debug|Any CPU
		{2702F9D2-A43C-B92A-307E-659EF6D01F4C}.Release|Any CPU.ActiveCfg = Release|Any CPU
		{2702F9D2-A43C-B92A-307E-659EF6D01F4C}.Release|Any CPU.Build.0 = Release|Any CPU
		{3258FC2E-4B07-2B53-26BB-33BA8F7ADFC4}.Debug|Any CPU.ActiveCfg = Debug|Any CPU
		{3258FC2E-4B07-2B53-26BB-33BA8F7ADFC4}.Debug|Any CPU.Build.0 = Debug|Any CPU
		{3258FC2E-4B07-2B53-26BB-33BA8F7ADFC4}.Release|Any CPU.ActiveCfg = Release|Any CPU
		{3258FC2E-4B07-2B53-26BB-33BA8F7ADFC4}.Release|Any CPU.Build.0 = Release|Any CPU
		{BBCD5DED-3640-ED27-BCE5-3E016B8A0C62}.Debug|Any CPU.ActiveCfg = Debug|Any CPU
		{BBCD5DED-3640-ED27-BCE5-3E016B8A0C62}.Debug|Any CPU.Build.0 = Debug|Any CPU
		{BBCD5DED-3640-ED27-BCE5-3E016B8A0C62}.Release|Any CPU.ActiveCfg = Release|Any CPU
		{BBCD5DED-3640-ED27-BCE5-3E016B8A0C62}.Release|Any CPU.Build.0 = Release|Any CPU
		{C8D6CD77-5F3B-4ADD-AC17-79DEAD34C5BA}.Debug|Any CPU.ActiveCfg = Debug|Any CPU
		{C8D6CD77-5F3B-4ADD-AC17-79DEAD34C5BA}.Debug|Any CPU.Build.0 = Debug|Any CPU
		{C8D6CD77-5F3B-4ADD-AC17-79DEAD34C5BA}.Release|Any CPU.ActiveCfg = Release|Any CPU
		{C8D6CD77-5F3B-4ADD-AC17-79DEAD34C5BA}.Release|Any CPU.Build.0 = Release|Any CPU
		{F1066A55-ED52-CA36-E192-25EDD5926A0E}.Debug|Any CPU.ActiveCfg = Debug|Any CPU
		{F1066A55-ED52-CA36-E192-25EDD5926A0E}.Debug|Any CPU.Build.0 = Debug|Any CPU
		{F1066A55-ED52-CA36-E192-25EDD5926A0E}.Release|Any CPU.ActiveCfg = Release|Any CPU
		{F1066A55-ED52-CA36-E192-25EDD5926A0E}.Release|Any CPU.Build.0 = Release|Any CPU
		{3082CE56-41EA-4B8B-B740-820614BA1E78}.Debug|Any CPU.ActiveCfg = Debug|Any CPU
		{3082CE56-41EA-4B8B-B740-820614BA1E78}.Debug|Any CPU.Build.0 = Debug|Any CPU
		{3082CE56-41EA-4B8B-B740-820614BA1E78}.Release|Any CPU.ActiveCfg = Release|Any CPU
		{3082CE56-41EA-4B8B-B740-820614BA1E78}.Release|Any CPU.Build.0 = Release|Any CPU
	EndGlobalSection
	GlobalSection(SolutionProperties) = preSolution
		HideSolutionNode = FALSE
	EndGlobalSection
	GlobalSection(NestedProjects) = preSolution
		{90CB6746-949A-2858-4967-97ABB1BD2DA1} = {539CB519-F938-4FA1-9932-3259DD094769}
		{4B8A97B9-7A73-4996-9291-595FB45A89AB} = {539CB519-F938-4FA1-9932-3259DD094769}
		{22085ACC-CB7F-F2D4-F1F8-E36DC0F56114} = {539CB519-F938-4FA1-9932-3259DD094769}
		{539CB519-F938-4FA1-9932-3259DD094769} = {02EA681E-C7D8-13C7-8484-4AC65E1B71E8}
		{7F87A92E-9A10-6FD8-DF0C-E85DEF25A16E} = {7C7BD926-34BC-4021-B667-8B46AA028D17}
		{7C7BD926-34BC-4021-B667-8B46AA028D17} = {02EA681E-C7D8-13C7-8484-4AC65E1B71E8}
		{2702F9D2-A43C-B92A-307E-659EF6D01F4C} = {8FAF6F86-3086-4DCF-B624-76BBB863EF83}
		{8FAF6F86-3086-4DCF-B624-76BBB863EF83} = {02EA681E-C7D8-13C7-8484-4AC65E1B71E8}
		{3258FC2E-4B07-2B53-26BB-33BA8F7ADFC4} = {155DB9E0-C8AC-49E1-9ED3-C8BA2F8392DC}
		{155DB9E0-C8AC-49E1-9ED3-C8BA2F8392DC} = {02EA681E-C7D8-13C7-8484-4AC65E1B71E8}
		{BBCD5DED-3640-ED27-BCE5-3E016B8A0C62} = {386D06BA-F9FB-48D7-A079-5DBE1C106D96}
		{386D06BA-F9FB-48D7-A079-5DBE1C106D96} = {02EA681E-C7D8-13C7-8484-4AC65E1B71E8}
		{C8D6CD77-5F3B-4ADD-AC17-79DEAD34C5BA} = {976AF26C-5575-4054-8C0C-8FB6E05F3E4F}
		{2F74B367-6299-41EB-A895-F8A8A6B2376A} = {02EA681E-C7D8-13C7-8484-4AC65E1B71E8}
		{0F58485F-2E1F-4986-AB19-B39E15A2A659} = {2F74B367-6299-41EB-A895-F8A8A6B2376A}
		{F1066A55-ED52-CA36-E192-25EDD5926A0E} = {0F58485F-2E1F-4986-AB19-B39E15A2A659}
		{E72B8662-668A-40B2-B86E-00FCAB12E77E} = {02EA681E-C7D8-13C7-8484-4AC65E1B71E8}
		{3082CE56-41EA-4B8B-B740-820614BA1E78} = {E72B8662-668A-40B2-B86E-00FCAB12E77E}
	EndGlobalSection
	GlobalSection(ExtensibilityGlobals) = postSolution
		SolutionGuid = {EDD27D87-6DAA-4F98-8550-C58A92CAB4A7}
	EndGlobalSection
EndGlobal
